
Microsoft Visual Studio Solution File, Format Version 12.00
# Visual Studio Version 16
VisualStudioVersion = 16.0.31205.134
MinimumVisualStudioVersion = 10.0.40219.1
Project("{FAE04EC0-301F-11D3-BF4B-00C04F79EFBC}") = "CSharpSimpleGame", "CSharpSimpleGame\CSharpSimpleGame.csproj", "{02C03E86-1408-4D9C-9E77-13FE359316CE}"
EndProject
Global
	GlobalSection(SolutionConfigurationPlatforms) = preSolution
		Debug|Any CPU = Debug|Any CPU
		Release|Any CPU = Release|Any CPU
	EndGlobalSection
	GlobalSection(ProjectConfigurationPlatforms) = postSolution
		{02C03E86-1408-4D9C-9E77-13FE359316CE}.Debug|Any CPU.ActiveCfg = Debug|Any CPU
		{02C03E86-1408-4D9C-9E77-13FE359316CE}.Debug|Any CPU.Build.0 = Debug|Any CPU
		{02C03E86-1408-4D9C-9E77-13FE359316CE}.Release|Any CPU.ActiveCfg = Release|Any CPU
		{02C03E86-1408-4D9C-9E77-13FE359316CE}.Release|Any CPU.Build.0 = Release|Any CPU
	EndGlobalSection
	GlobalSection(SolutionProperties) = preSolution
		HideSolutionNode = FALSE
	EndGlobalSection
	GlobalSection(ExtensibilityGlobals) = postSolution
		SolutionGuid = {A3373CB4-F74B-4DCD-BCAC-F14222B6A88B}
	EndGlobalSection
EndGlobal
